Microsoft Visual Studio Solution File, Format Version 12.00
# Visual Studio Version 17
VisualStudioVersion = 17.5.2.0
MinimumVisualStudioVersion = 10.0.40219.1
Project("{FAE04EC0-301F-11D3-BF4B-00C04F79EFBC}") = "Links-Aula-19-05-2025", "Links-Aula-19-05-2025.csproj", "{B3E7A37D-1297-1246-1D05-EF097E972C0B}"
EndProject
Global
	GlobalSection(SolutionConfigurationPlatforms) = preSolution
		Debug|Any CPU = Debug|Any CPU
		Release|Any CPU = Release|Any CPU
	EndGlobalSection
	GlobalSection(ProjectConfigurationPlatforms) = postSolution
		{B3E7A37D-1297-1246-1D05-EF097E972C0B}.Debug|Any CPU.ActiveCfg = Debug|Any CPU
		{B3E7A37D-1297-1246-1D05-EF097E972C0B}.Debug|Any CPU.Build.0 = Debug|Any CPU
		{B3E7A37D-1297-1246-1D05-EF097E972C0B}.Release|Any CPU.ActiveCfg = Release|Any CPU
		{B3E7A37D-1297-1246-1D05-EF097E972C0B}.Release|Any CPU.Build.0 = Release|Any CPU
	EndGlobalSection
	GlobalSection(SolutionProperties) = preSolution
		HideSolutionNode = FALSE
	EndGlobalSection
	GlobalSection(ExtensibilityGlobals) = postSolution
		SolutionGuid = {47AD9800-18F5-4354-BD4D-9A98FB59BF46}
	EndGlobalSection
EndGlobal
